// !$*UTF8*$!
{
	archiveVersion = 1;
	classes = {
	};
	objectVersion = 46;
	objects = {

/* Begin PBXBuildFile section */
		1FBB50E11D74C58400C69E4D /* ContentManager.m in Sources */ = {isa = PBXBuildFile; fileRef = 1FBB50E01D74C58400C69E4D /* ContentManager.m */; };
		1FBB50E41D74C75E00C69E4D /* MapViewController.m in Sources */ = {isa = PBXBuildFile; fileRef = 1FBB50E31D74C75E00C69E4D /* MapViewController.m */; };
		1FBB50E71D74C78D00C69E4D /* VisitViewController.m in Sources */ = {isa = PBXBuildFile; fileRef = 1FBB50E61D74C78D00C69E4D /* VisitViewController.m */; };
		E265ABAB1D423C2000DB6324 /* main.m in Sources */ = {isa = PBXBuildFile; fileRef = E265ABAA1D423C2000DB6324 /* main.m */; };
		E265ABAE1D423C2000DB6324 /* AppDelegate.m in Sources */ = {isa = PBXBuildFile; fileRef = E265ABAD1D423C2000DB6324 /* AppDelegate.m */; };
		E265ABB41D423C2000DB6324 /* Main.storyboard in Resources */ = {isa = PBXBuildFile; fileRef = E265ABB21D423C2000DB6324 /* Main.storyboard */; };
		E265ABB61D423C2000DB6324 /* Assets.xcassets in Resources */ = {isa = PBXBuildFile; fileRef = E265ABB51D423C2000DB6324 /* Assets.xcassets */; };
		E265ABB91D423C2000DB6324 /* LaunchScreen.storyboard in Resources */ = {isa = PBXBuildFile; fileRef = E265ABB71D423C2000DB6324 /* LaunchScreen.storyboard */; };
		E265ABC41D423D1300DB6324 /* MainViewController.m in Sources */ = {isa = PBXBuildFile; fileRef = E265ABC11D423D1300DB6324 /* MainViewController.m */; };
		E265ABC51D423D1300DB6324 /* SettingsViewController.m in Sources */ = {isa = PBXBuildFile; fileRef = E265ABC31D423D1300DB6324 /* SettingsViewController.m */; };
		E265ABC71D4256BC00DB6324 /* Swirl.framework in Frameworks */ = {isa = PBXBuildFile; fileRef = E265ABC61D4256BC00DB6324 /* Swirl.framework */; };
/* End PBXBuildFile section */

/* Begin PBXFileReference section */
		1FBB50DF1D74C58400C69E4D /* ContentManager.h */ = {isa = PBXFileReference; fileEncoding = 4; lastKnownFileType = sourcecode.c.h; path = ContentManager.h; sourceTree = "<group>"; };
		1FBB50E01D74C58400C69E4D /* ContentManager.m */ = {isa = PBXFileReference; fileEncoding = 4; lastKnownFileType = sourcecode.c.objc; path = ContentManager.m; sourceTree = "<group>"; };
		1FBB50E21D74C75E00C69E4D /* MapViewController.h */ = {isa = PBXFileReference; fileEncoding = 4; lastKnownFileType = sourcecode.c.h; path = MapViewController.h; sourceTree = "<group>"; };
		1FBB50E31D74C75E00C69E4D /* MapViewController.m */ = {isa = PBXFileReference; fileEncoding = 4; lastKnownFileType = sourcecode.c.objc; path = MapViewController.m; sourceTree = "<group>"; };
		1FBB50E51D74C78D00C69E4D /* VisitViewController.h */ = {isa = PBXFileReference; fileEncoding = 4; lastKnownFileType = sourcecode.c.h; path = VisitViewController.h; sourceTree = "<group>"; };
		1FBB50E61D74C78D00C69E4D /* VisitViewController.m */ = {isa = PBXFileReference; fileEncoding = 4; lastKnownFileType = sourcecode.c.objc; path = VisitViewController.m; sourceTree = "<group>"; };
		E265ABA61D423C2000DB6324 /* Swirlx.app */ = {isa = PBXFileReference; explicitFileType = wrapper.application; includeInIndex = 0; path = Swirlx.app; sourceTree = BUILT_PRODUCTS_DIR; };
		E265ABAA1D423C2000DB6324 /* main.m */ = {isa = PBXFileReference; lastKnownFileType = sourcecode.c.objc; path = main.m; sourceTree = "<group>"; };
		E265ABAC1D423C2000DB6324 /* AppDelegate.h */ = {isa = PBXFileReference; lastKnownFileType = sourcecode.c.h; path = AppDelegate.h; sourceTree = "<group>"; };
		E265ABAD1D423C2000DB6324 /* AppDelegate.m */ = {isa = PBXFileReference; lastKnownFileType = sourcecode.c.objc; path = AppDelegate.m; sourceTree = "<group>"; };
		E265ABB31D423C2000DB6324 /* Base */ = {isa = PBXFileReference; lastKnownFileType = file.storyboard; name = Base; path = Base.lproj/Main.storyboard; sourceTree = "<group>"; };
		E265ABB51D423C2000DB6324 /* Assets.xcassets */ = {isa = PBXFileReference; lastKnownFileType = folder.assetcatalog; path = Assets.xcassets; sourceTree = "<group>"; };
		E265ABB81D423C2000DB6324 /* Base */ = {isa = PBXFileReference; lastKnownFileType = file.storyboard; name = Base; path = Base.lproj/LaunchScreen.storyboard; sourceTree = "<group>"; };
		E265ABBA1D423C2000DB6324 /* Info.plist */ = {isa = PBXFileReference; lastKnownFileType = text.plist.xml; path = Info.plist; sourceTree = "<group>"; };
		E265ABC01D423D1300DB6324 /* MainViewController.h */ = {isa = PBXFileReference; fileEncoding = 4; lastKnownFileType = sourcecode.c.h; path = MainViewController.h; sourceTree = "<group>"; };
		E265ABC11D423D1300DB6324 /* MainViewController.m */ = {isa = PBXFileReference; fileEncoding = 4; lastKnownFileType = sourcecode.c.objc; path = MainViewController.m; sourceTree = "<group>"; };
		E265ABC21D423D1300DB6324 /* SettingsViewController.h */ = {isa = PBXFileReference; fileEncoding = 4; lastKnownFileType = sourcecode.c.h; path = SettingsViewController.h; sourceTree = "<group>"; };
		E265ABC31D423D1300DB6324 /* SettingsViewController.m */ = {isa = PBXFileReference; fileEncoding = 4; lastKnownFileType = sourcecode.c.objc; path = SettingsViewController.m; sourceTree = "<group>"; };
		E265ABC61D4256BC00DB6324 /* Swirl.framework */ = {isa = PBXFileReference; lastKnownFileType = wrapper.framework; path = Swirl.framework; sourceTree = "<group>"; };
/* End PBXFileReference section */

/* Begin PBXFrameworksBuildPhase section */
		E265ABA31D423C2000DB6324 /* Frameworks */ = {
			isa = PBXFrameworksBuildPhase;
			buildActionMask = 2147483647;
			files = (
				E265ABC71D4256BC00DB6324 /* Swirl.framework in Frameworks */,
			);
			runOnlyForDeploymentPostprocessing = 0;
		};
/* End PBXFrameworksBuildPhase section */

/* Begin PBXGroup section */
		E265AB9D1D423C2000DB6324 = {
			isa = PBXGroup;
			children = (
				E265ABA81D423C2000DB6324 /* Swirlx */,
				E265ABC61D4256BC00DB6324 /* Swirl.framework */,
				E265ABA71D423C2000DB6324 /* Products */,
			);
			sourceTree = "<group>";
		};
		E265ABA71D423C2000DB6324 /* Products */ = {
			isa = PBXGroup;
			children = (
				E265ABA61D423C2000DB6324 /* Swirlx.app */,
			);
			name = Products;
			sourceTree = "<group>";
		};
		E265ABA81D423C2000DB6324 /* Swirlx */ = {
			isa = PBXGroup;
			children = (
				E265ABAC1D423C2000DB6324 /* AppDelegate.h */,
				E265ABAD1D423C2000DB6324 /* AppDelegate.m */,
				E265ABB51D423C2000DB6324 /* Assets.xcassets */,
				1FBB50DF1D74C58400C69E4D /* ContentManager.h */,
				1FBB50E01D74C58400C69E4D /* ContentManager.m */,
				E265ABBA1D423C2000DB6324 /* Info.plist */,
				E265ABB71D423C2000DB6324 /* LaunchScreen.storyboard */,
				E265ABB21D423C2000DB6324 /* Main.storyboard */,
				E265ABC01D423D1300DB6324 /* MainViewController.h */,
				E265ABC11D423D1300DB6324 /* MainViewController.m */,
				1FBB50E21D74C75E00C69E4D /* MapViewController.h */,
				1FBB50E31D74C75E00C69E4D /* MapViewController.m */,
				E265ABC21D423D1300DB6324 /* SettingsViewController.h */,
				E265ABC31D423D1300DB6324 /* SettingsViewController.m */,
				E265ABA91D423C2000DB6324 /* Supporting Files */,
				1FBB50E51D74C78D00C69E4D /* VisitViewController.h */,
				1FBB50E61D74C78D00C69E4D /* VisitViewController.m */,
			);
			path = Swirlx;
			sourceTree = "<group>";
		};
		E265ABA91D423C2000DB6324 /* Supporting Files */ = {
			isa = PBXGroup;
			children = (
				E265ABAA1D423C2000DB6324 /* main.m */,
			);
			name = "Supporting Files";
			sourceTree = "<group>";
		};
/* End PBXGroup section */

/* Begin PBXNativeTarget section */
		E265ABA51D423C2000DB6324 /* Swirlx */ = {
			isa = PBXNativeTarget;
			buildConfigurationList = E265ABBD1D423C2000DB6324 /* Build configuration list for PBXNativeTarget "Swirlx" */;
			buildPhases = (
				E265ABA21D423C2000DB6324 /* Sources */,
				E265ABA31D423C2000DB6324 /* Frameworks */,
				E265ABA41D423C2000DB6324 /* Resources */,
			);
			buildRules = (
			);
			dependencies = (
			);
			name = Swirlx;
			productName = Swirlx;
			productReference = E265ABA61D423C2000DB6324 /* Swirlx.app */;
			productType = "com.apple.product-type.application";
		};
/* End PBXNativeTarget section */

/* Begin PBXProject section */
		E265AB9E1D423C2000DB6324 /* Project object */ = {
			isa = PBXProject;
			attributes = {
				LastUpgradeCheck = 0730;
				ORGANIZATIONNAME = "Thomas Middleton";
				TargetAttributes = {
					E265ABA51D423C2000DB6324 = {
						CreatedOnToolsVersion = 7.3.1;
					};
				};
			};
			buildConfigurationList = E265ABA11D423C2000DB6324 /* Build configuration list for PBXProject "Swirlx" */;
			compatibilityVersion = "Xcode 3.2";
			developmentRegion = English;
			hasScannedForEncodings = 0;
			knownRegions = (
				en,
				Base,
			);
			mainGroup = E265AB9D1D423C2000DB6324;
			productRefGroup = E265ABA71D423C2000DB6324 /* Products */;
			projectDirPath = "";
			projectRoot = "";
			targets = (
				E265ABA51D423C2000DB6324 /* Swirlx */,
			);
		};
/* End PBXProject section */

/* Begin PBXResourcesBuildPhase section */
		E265ABA41D423C2000DB6324 /* Resources */ = {
			isa = PBXResourcesBuildPhase;
			buildActionMask = 2147483647;
			files = (
				E265ABB91D423C2000DB6324 /* LaunchScreen.storyboard in Resources */,
				E265ABB61D423C2000DB6324 /* Assets.xcassets in Resources */,
				E265ABB41D423C2000DB6324 /* Main.storyboard in Resources */,
			);
			runOnlyForDeploymentPostprocessing = 0;
		};
/* End PBXResourcesBuildPhase section */

/* Begin PBXSourcesBuildPhase section */
		E265ABA21D423C2000DB6324 /* Sources */ = {
			isa = PBXSourcesBuildPhase;
			buildActionMask = 2147483647;
			files = (
				E265ABAE1D423C2000DB6324 /* AppDelegate.m in Sources */,
				E265ABC41D423D1300DB6324 /* MainViewController.m in Sources */,
				1FBB50E71D74C78D00C69E4D /* VisitViewController.m in Sources */,
				1FBB50E11D74C58400C69E4D /* ContentManager.m in Sources */,
				1FBB50E41D74C75E00C69E4D /* MapViewController.m in Sources */,
				E265ABAB1D423C2000DB6324 /* main.m in Sources */,
				E265ABC51D423D1300DB6324 /* SettingsViewController.m in Sources */,
			);
			runOnlyForDeploymentPostprocessing = 0;
		};
/* End PBXSourcesBuildPhase section */

/* Begin PBXVariantGroup section */
		E265ABB21D423C2000DB6324 /* Main.storyboard */ = {
			isa = PBXVariantGroup;
			children = (
				E265ABB31D423C2000DB6324 /* Base */,
			);
			name = Main.storyboard;
			sourceTree = "<group>";
		};
		E265ABB71D423C2000DB6324 /* LaunchScreen.storyboard */ = {
			isa = PBXVariantGroup;
			children = (
				E265ABB81D423C2000DB6324 /* Base */,
			);
			name = LaunchScreen.storyboard;
			sourceTree = "<group>";
		};
/* End PBXVariantGroup section */

/* Begin XCBuildConfiguration section */
		E265ABBB1D423C2000DB6324 /* Debug */ = {
			isa = XCBuildConfiguration;
			buildSettings = {
				ALWAYS_SEARCH_USER_PATHS = NO;
				CLANG_ANALYZER_NONNULL = YES;
				CLANG_CXX_LANGUAGE_STANDARD = "gnu++0x";
				CLANG_CXX_LIBRARY = "libc++";
				CLANG_ENABLE_MODULES = YES;
				CLANG_ENABLE_OBJC_ARC = YES;
				CLANG_WARN_BOOL_CONVERSION = YES;
				CLANG_WARN_CONSTANT_CONVERSION = YES;
				CLANG_WARN_DIRECT_OBJC_ISA_USAGE = YES_ERROR;
				CLANG_WARN_EMPTY_BODY = YES;
				CLANG_WARN_ENUM_CONVERSION = YES;
				CLANG_WARN_INT_CONVERSION = YES;
				CLANG_WARN_OBJC_ROOT_CLASS = YES_ERROR;
				CLANG_WARN_UNREACHABLE_CODE = YES;
				CLANG_WARN__DUPLICATE_METHOD_MATCH = YES;
				"CODE_SIGN_IDENTITY[sdk=iphoneos*]" = "iPhone Developer";
				COPY_PHASE_STRIP = NO;
				DEBUG_INFORMATION_FORMAT = dwarf;
				ENABLE_STRICT_OBJC_MSGSEND = YES;
				ENABLE_TESTABILITY = YES;
				GCC_C_LANGUAGE_STANDARD = gnu99;
				GCC_DYNAMIC_NO_PIC = NO;
				GCC_NO_COMMON_BLOCKS = YES;
				GCC_OPTIMIZATION_LEVEL = 0;
				GCC_PREPROCESSOR_DEFINITIONS = (
					"DEBUG=1",
					"$(inherited)",
				);
				GCC_WARN_64_TO_32_BIT_CONVERSION = YES;
				GCC_WARN_ABOUT_RETURN_TYPE = YES_ERROR;
				GCC_WARN_UNDECLARED_SELECTOR = YES;
				GCC_WARN_UNINITIALIZED_AUTOS = YES_AGGRESSIVE;
				GCC_WARN_UNUSED_FUNCTION = YES;
				GCC_WARN_UNUSED_VARIABLE = YES;
				IPHONEOS_DEPLOYMENT_TARGET = 9.3;
				MTL_ENABLE_DEBUG_INFO = YES;
				ONLY_ACTIVE_ARCH = YES;
				SDKROOT = iphoneos;
				TARGETED_DEVICE_FAMILY = "1,2";
			};
			name = Debug;
		};
		E265ABBC1D423C2000DB6324 /* Release */ = {
			isa = XCBuildConfiguration;
			buildSettings = {
				ALWAYS_SEARCH_USER_PATHS = NO;
				CLANG_ANALYZER_NONNULL = YES;
				CLANG_CXX_LANGUAGE_STANDARD = "gnu++0x";
				CLANG_CXX_LIBRARY = "libc++";
				CLANG_ENABLE_MODULES = YES;
				CLANG_ENABLE_OBJC_ARC = YES;
				CLANG_WARN_BOOL_CONVERSION = YES;
				CLANG_WARN_CONSTANT_CONVERSION = YES;
				CLANG_WARN_DIRECT_OBJC_ISA_USAGE = YES_ERROR;
				CLANG_WARN_EMPTY_BODY = YES;
				CLANG_WARN_ENUM_CONVERSION = YES;
				CLANG_WARN_INT_CONVERSION = YES;
				CLANG_WARN_OBJC_ROOT_CLASS = YES_ERROR;
				CLANG_WARN_UNREACHABLE_CODE = YES;
				CLANG_WARN__DUPLICATE_METHOD_MATCH = YES;
				"CODE_SIGN_IDENTITY[sdk=iphoneos*]" = "iPhone Developer";
				COPY_PHASE_STRIP = NO;
				DEBUG_INFORMATION_FORMAT = "dwarf-with-dsym";
				ENABLE_NS_ASSERTIONS = NO;
				ENABLE_STRICT_OBJC_MSGSEND = YES;
				GCC_C_LANGUAGE_STANDARD = gnu99;
				GCC_NO_COMMON_BLOCKS = YES;
				GCC_WARN_64_TO_32_BIT_CONVERSION = YES;
				GCC_WARN_ABOUT_RETURN_TYPE = YES_ERROR;
				GCC_WARN_UNDECLARED_SELECTOR = YES;
				GCC_WARN_UNINITIALIZED_AUTOS = YES_AGGRESSIVE;
				GCC_WARN_UNUSED_FUNCTION = YES;
				GCC_WARN_UNUSED_VARIABLE = YES;
				IPHONEOS_DEPLOYMENT_TARGET = 9.3;
				MTL_ENABLE_DEBUG_INFO = NO;
				SDKROOT = iphoneos;
				TARGETED_DEVICE_FAMILY = "1,2";
				VALIDATE_PRODUCT = YES;
			};
			name = Release;
		};
		E265ABBE1D423C2000DB6324 /* Debug */ = {
			isa = XCBuildConfiguration;
			buildSettings = {
				ASSETCATALOG_COMPILER_APPICON_NAME = AppIcon;
				FRAMEWORK_SEARCH_PATHS = (
					"$(inherited)",
					"$(PROJECT_DIR)",
				);
				INFOPLIST_FILE = Swirlx/Info.plist;
				LD_RUNPATH_SEARCH_PATHS = "$(inherited) @executable_path/Frameworks";
				PRODUCT_BUNDLE_IDENTIFIER = com.swirl.Swirlx;
				PRODUCT_NAME = "$(TARGET_NAME)";
			};
			name = Debug;
		};
		E265ABBF1D423C2000DB6324 /* Release */ = {
			isa = XCBuildConfiguration;
			buildSettings = {
				ASSETCATALOG_COMPILER_APPICON_NAME = AppIcon;
				FRAMEWORK_SEARCH_PATHS = (
					"$(inherited)",
					"$(PROJECT_DIR)",
				);
				INFOPLIST_FILE = Swirlx/Info.plist;
				LD_RUNPATH_SEARCH_PATHS = "$(inherited) @executable_path/Frameworks";
				PRODUCT_BUNDLE_IDENTIFIER = com.swirl.Swirlx;
				PRODUCT_NAME = "$(TARGET_NAME)";
			};
			name = Release;
		};
/* End XCBuildConfiguration section */

/* Begin XCConfigurationList section */
		E265ABA11D423C2000DB6324 /* Build configuration list for PBXProject "Swirlx" */ = {
			isa = XCConfigurationList;
			buildConfigurations = (
				E265ABBB1D423C2000DB6324 /* Debug */,
				E265ABBC1D423C2000DB6324 /* Release */,
			);
			defaultConfigurationIsVisible = 0;
			defaultConfigurationName = Release;
		};
		E265ABBD1D423C2000DB6324 /* Build configuration list for PBXNativeTarget "Swirlx" */ = {
			isa = XCConfigurationList;
			buildConfigurations = (
				E265ABBE1D423C2000DB6324 /* Debug */,
				E265ABBF1D423C2000DB6324 /* Release */,
			);
			defaultConfigurationIsVisible = 0;
			defaultConfigurationName = Release;
		};
/* End XCConfigurationList section */
	};
	rootObject = E265AB9E1D423C2000DB6324 /* Project object */;
}
